
Microsoft Visual Studio Solution File, Format Version 12.00
# Visual Studio Version 16
VisualStudioVersion = 16.0.29806.167
MinimumVisualStudioVersion = 10.0.40219.1
Project("{FAE04EC0-301F-11D3-BF4B-00C04F79EFBC}") = "LI4.Android", "LI4.Android\LI4.Android.csproj", "{B9C78E35-F0E1-4329-875D-DAAB6B177E95}"
EndProject
Project("{FAE04EC0-301F-11D3-BF4B-00C04F79EFBC}") = "LI4.iOS", "LI4.iOS\LI4.iOS.csproj", "{8E82CBC3-0D2B-4A92-8EA3-A5457AB233E5}"
EndProject
Project("{FAE04EC0-301F-11D3-BF4B-00C04F79EFBC}") = "LI4", "LI4\LI4.csproj", "{5D483DC5-AAA3-4892-B113-42EB782B291C}"
EndProject
Global
	GlobalSection(SolutionConfigurationPlatforms) = preSolution
		Debug|Any CPU = Debug|Any CPU
		Debug|iPhone = Debug|iPhone
		Debug|iPhoneSimulator = Debug|iPhoneSimulator
		Release|Any CPU = Release|Any CPU
		Release|iPhone = Release|iPhone
		Release|iPhoneSimulator = Release|iPhoneSimulator
	EndGlobalSection
	GlobalSection(ProjectConfigurationPlatforms) = postSolution
		{B9C78E35-F0E1-4329-875D-DAAB6B177E95}.Debug|Any CPU.ActiveCfg = Debug|Any CPU
		{B9C78E35-F0E1-4329-875D-DAAB6B177E95}.Debug|Any CPU.Build.0 = Debug|Any CPU
		{B9C78E35-F0E1-4329-875D-DAAB6B177E95}.Debug|Any CPU.Deploy.0 = Debug|Any CPU
		{B9C78E35-F0E1-4329-875D-DAAB6B177E95}.Debug|iPhone.ActiveCfg = Debug|Any CPU
		{B9C78E35-F0E1-4329-875D-DAAB6B177E95}.Debug|iPhone.Build.0 = Debug|Any CPU
		{B9C78E35-F0E1-4329-875D-DAAB6B177E95}.Debug|iPhone.Deploy.0 = Debug|Any CPU
		{B9C78E35-F0E1-4329-875D-DAAB6B177E95}.Debug|iPhoneSimulator.ActiveCfg = Debug|Any CPU
		{B9C78E35-F0E1-4329-875D-DAAB6B177E95}.Debug|iPhoneSimulator.Build.0 = Debug|Any CPU
		{B9C78E35-F0E1-4329-875D-DAAB6B177E95}.Debug|iPhoneSimulator.Deploy.0 = Debug|Any CPU
		{B9C78E35-F0E1-4329-875D-DAAB6B177E95}.Release|Any CPU.ActiveCfg = Release|Any CPU
		{B9C78E35-F0E1-4329-875D-DAAB6B177E95}.Release|Any CPU.Build.0 = Release|Any CPU
		{B9C78E35-F0E1-4329-875D-DAAB6B177E95}.Release|Any CPU.Deploy.0 = Release|Any CPU
		{B9C78E35-F0E1-4329-875D-DAAB6B177E95}.Release|iPhone.ActiveCfg = Release|Any CPU
		{B9C78E35-F0E1-4329-875D-DAAB6B177E95}.Release|iPhone.Build.0 = Release|Any CPU
		{B9C78E35-F0E1-4329-875D-DAAB6B177E95}.Release|iPhone.Deploy.0 = Release|Any CPU
		{B9C78E35-F0E1-4329-875D-DAAB6B177E95}.Release|iPhoneSimulator.ActiveCfg = Release|Any CPU
		{B9C78E35-F0E1-4329-875D-DAAB6B177E95}.Release|iPhoneSimulator.Build.0 = Release|Any CPU
		{B9C78E35-F0E1-4329-875D-DAAB6B177E95}.Release|iPhoneSimulator.Deploy.0 = Release|Any CPU
		{8E82CBC3-0D2B-4A92-8EA3-A5457AB233E5}.Debug|Any CPU.ActiveCfg = Debug|iPhoneSimulator
		{8E82CBC3-0D2B-4A92-8EA3-A5457AB233E5}.Debug|Any CPU.Build.0 = Debug|iPhoneSimulator
		{8E82CBC3-0D2B-4A92-8EA3-A5457AB233E5}.Debug|Any CPU.Deploy.0 = Debug|iPhoneSimulator
		{8E82CBC3-0D2B-4A92-8EA3-A5457AB233E5}.Debug|iPhone.ActiveCfg = Debug|iPhone
		{8E82CBC3-0D2B-4A92-8EA3-A5457AB233E5}.Debug|iPhone.Build.0 = Debug|iPhone
		{8E82CBC3-0D2B-4A92-8EA3-A5457AB233E5}.Debug|iPhone.Deploy.0 = Debug|iPhone
		{8E82CBC3-0D2B-4A92-8EA3-A5457AB233E5}.Debug|iPhoneSimulator.ActiveCfg = Debug|iPhoneSimulator
		{8E82CBC3-0D2B-4A92-8EA3-A5457AB233E5}.Debug|iPhoneSimulator.Build.0 = Debug|iPhoneSimulator
		{8E82CBC3-0D2B-4A92-8EA3-A5457AB233E5}.Debug|iPhoneSimulator.Deploy.0 = Debug|iPhoneSimulator
		{8E82CBC3-0D2B-4A92-8EA3-A5457AB233E5}.Release|Any CPU.ActiveCfg = Release|iPhone
		{8E82CBC3-0D2B-4A92-8EA3-A5457AB233E5}.Release|Any CPU.Build.0 = Release|iPhone
		{8E82CBC3-0D2B-4A92-8EA3-A5457AB233E5}.Release|Any CPU.Deploy.0 = Release|iPhone
		{8E82CBC3-0D2B-4A92-8EA3-A5457AB233E5}.Release|iPhone.ActiveCfg = Release|iPhone
		{8E82CBC3-0D2B-4A92-8EA3-A5457AB233E5}.Release|iPhone.Build.0 = Release|iPhone
		{8E82CBC3-0D2B-4A92-8EA3-A5457AB233E5}.Release|iPhone.Deploy.0 = Release|iPhone
		{8E82CBC3-0D2B-4A92-8EA3-A5457AB233E5}.Release|iPhoneSimulator.ActiveCfg = Release|iPhoneSimulator
		{8E82CBC3-0D2B-4A92-8EA3-A5457AB233E5}.Release|iPhoneSimulator.Build.0 = Release|iPhoneSimulator
		{8E82CBC3-0D2B-4A92-8EA3-A5457AB233E5}.Release|iPhoneSimulator.Deploy.0 = Release|iPhoneSimulator
		{5D483DC5-AAA3-4892-B113-42EB782B291C}.Debug|Any CPU.ActiveCfg = Debug|Any CPU
		{5D483DC5-AAA3-4892-B113-42EB782B291C}.Debug|Any CPU.Build.0 = Debug|Any CPU
		{5D483DC5-AAA3-4892-B113-42EB782B291C}.Debug|Any CPU.Deploy.0 = Debug|Any CPU
		{5D483DC5-AAA3-4892-B113-42EB782B291C}.Debug|iPhone.ActiveCfg = Debug|Any CPU
		{5D483DC5-AAA3-4892-B113-42EB782B291C}.Debug|iPhone.Build.0 = Debug|Any CPU
		{5D483DC5-AAA3-4892-B113-42EB782B291C}.Debug|iPhone.Deploy.0 = Debug|Any CPU
		{5D483DC5-AAA3-4892-B113-42EB782B291C}.Debug|iPhoneSimulator.ActiveCfg = Debug|Any CPU
		{5D483DC5-AAA3-4892-B113-42EB782B291C}.Debug|iPhoneSimulator.Build.0 = Debug|Any CPU
		{5D483DC5-AAA3-4892-B113-42EB782B291C}.Debug|iPhoneSimulator.Deploy.0 = Debug|Any CPU
		{5D483DC5-AAA3-4892-B113-42EB782B291C}.Release|Any CPU.ActiveCfg = Release|Any CPU
		{5D483DC5-AAA3-4892-B113-42EB782B291C}.Release|Any CPU.Build.0 = Release|Any CPU
		{5D483DC5-AAA3-4892-B113-42EB782B291C}.Release|Any CPU.Deploy.0 = Release|Any CPU
		{5D483DC5-AAA3-4892-B113-42EB782B291C}.Release|iPhone.ActiveCfg = Release|Any CPU
		{5D483DC5-AAA3-4892-B113-42EB782B291C}.Release|iPhone.Build.0 = Release|Any CPU
		{5D483DC5-AAA3-4892-B113-42EB782B291C}.Release|iPhone.Deploy.0 = Release|Any CPU
		{5D483DC5-AAA3-4892-B113-42EB782B291C}.Release|iPhoneSimulator.ActiveCfg = Release|Any CPU
		{5D483DC5-AAA3-4892-B113-42EB782B291C}.Release|iPhoneSimulator.Build.0 = Release|Any CPU
		{5D483DC5-AAA3-4892-B113-42EB782B291C}.Release|iPhoneSimulator.Deploy.0 = Release|Any CPU
	EndGlobalSection
	GlobalSection(SolutionProperties) = preSolution
		HideSolutionNode = FALSE
	EndGlobalSection
	GlobalSection(ExtensibilityGlobals) = postSolution
		SolutionGuid = {4DBA1EBA-D420-41E4-87F8-53834310ABFE}
	EndGlobalSection
EndGlobal
