
Microsoft Visual Studio Solution File, Format Version 12.00
# Visual Studio Version 16
VisualStudioVersion = 16.0.29905.134
MinimumVisualStudioVersion = 10.0.40219.1
Project("{FAE04EC0-301F-11D3-BF4B-00C04F79EFBC}") = "PortourgalAPI", "PortourgalAPI.csproj", "{01635A50-48AF-42FA-ADF6-EE7A76F14A5A}"
EndProject
Global
	GlobalSection(SolutionConfigurationPlatforms) = preSolution
		Debug|Any CPU = Debug|Any CPU
		Release|Any CPU = Release|Any CPU
	EndGlobalSection
	GlobalSection(ProjectConfigurationPlatforms) = postSolution
		{01635A50-48AF-42FA-ADF6-EE7A76F14A5A}.Debug|Any CPU.ActiveCfg = Debug|Any CPU
		{01635A50-48AF-42FA-ADF6-EE7A76F14A5A}.Debug|Any CPU.Build.0 = Debug|Any CPU
		{01635A50-48AF-42FA-ADF6-EE7A76F14A5A}.Release|Any CPU.ActiveCfg = Release|Any CPU
		{01635A50-48AF-42FA-ADF6-EE7A76F14A5A}.Release|Any CPU.Build.0 = Release|Any CPU
	EndGlobalSection
	GlobalSection(SolutionProperties) = preSolution
		HideSolutionNode = FALSE
	EndGlobalSection
	GlobalSection(ExtensibilityGlobals) = postSolution
		SolutionGuid = {9E684A4C-5C01-4CCC-859A-7F730923B318}
	EndGlobalSection
EndGlobal
