
Microsoft Visual Studio Solution File, Format Version 12.00
# Visual Studio Version 16
VisualStudioVersion = 16.0.30011.22
MinimumVisualStudioVersion = 10.0.40219.1
Project("{FAE04EC0-301F-11D3-BF4B-00C04F79EFBC}") = "PortourgalAdmin", "PortourgalAdmin\PortourgalAdmin.csproj", "{52147697-66BC-4DEE-910C-88B4EF42204E}"
EndProject
Global
	GlobalSection(SolutionConfigurationPlatforms) = preSolution
		Debug|Any CPU = Debug|Any CPU
		Release|Any CPU = Release|Any CPU
	EndGlobalSection
	GlobalSection(ProjectConfigurationPlatforms) = postSolution
		{52147697-66BC-4DEE-910C-88B4EF42204E}.Debug|Any CPU.ActiveCfg = Debug|Any CPU
		{52147697-66BC-4DEE-910C-88B4EF42204E}.Debug|Any CPU.Build.0 = Debug|Any CPU
		{52147697-66BC-4DEE-910C-88B4EF42204E}.Release|Any CPU.ActiveCfg = Release|Any CPU
		{52147697-66BC-4DEE-910C-88B4EF42204E}.Release|Any CPU.Build.0 = Release|Any CPU
	EndGlobalSection
	GlobalSection(SolutionProperties) = preSolution
		HideSolutionNode = FALSE
	EndGlobalSection
	GlobalSection(ExtensibilityGlobals) = postSolution
		SolutionGuid = {E40ACCE1-4677-40AD-9D39-3E0008F4B6AF}
	EndGlobalSection
EndGlobal
